
Microsoft Visual Studio Solution File, Format Version 12.00
# Visual Studio Version 16
VisualStudioVersion = 16.0.30204.135
MinimumVisualStudioVersion = 10.0.40219.1
Project("{FAE04EC0-301F-11D3-BF4B-00C04F79EFBC}") = "PROJECTO FINAL YENSI", "PROJECTO FINAL YENSI\PROJECTO FINAL YENSI.csproj", "{2145B108-1DC5-422D-A900-A61F9E5F5BA8}"
EndProject
Global
	GlobalSection(SolutionConfigurationPlatforms) = preSolution
		Debug|Any CPU = Debug|Any CPU
		Release|Any CPU = Release|Any CPU
	EndGlobalSection
	GlobalSection(ProjectConfigurationPlatforms) = postSolution
		{2145B108-1DC5-422D-A900-A61F9E5F5BA8}.Debug|Any CPU.ActiveCfg = Debug|Any CPU
		{2145B108-1DC5-422D-A900-A61F9E5F5BA8}.Debug|Any CPU.Build.0 = Debug|Any CPU
		{2145B108-1DC5-422D-A900-A61F9E5F5BA8}.Release|Any CPU.ActiveCfg = Release|Any CPU
		{2145B108-1DC5-422D-A900-A61F9E5F5BA8}.Release|Any CPU.Build.0 = Release|Any CPU
	EndGlobalSection
	GlobalSection(SolutionProperties) = preSolution
		HideSolutionNode = FALSE
	EndGlobalSection
	GlobalSection(ExtensibilityGlobals) = postSolution
		SolutionGuid = {219DB467-23EE-4EAC-9897-C4872EBA2216}
	EndGlobalSection
EndGlobal
